// !$*UTF8*$!
{
	archiveVersion = 1;
	classes = {
	};
	objectVersion = 51;
	objects = {

/* Begin PBXBuildFile section */
		58F3DFB753CC32A03A6E28D6 /* Pods_Accommodation.framework in Frameworks */ = {isa = PBXBuildFile; fileRef = A37EC70892239217CEA39D20 /* Pods_Accommodation.framework */; };
		9936F9CB24E72FD300306DE2 /* MapView.swift in Sources */ = {isa = PBXBuildFile; fileRef = 9936F9CA24E72FD300306DE2 /* MapView.swift */; };
		9936F9CD24E8378200306DE2 /* YandexGeoResponse.swift in Sources */ = {isa = PBXBuildFile; fileRef = 9936F9CC24E8378200306DE2 /* YandexGeoResponse.swift */; };
		9936F9CF24E8A4CC00306DE2 /* MapViewCameraListener.swift in Sources */ = {isa = PBXBuildFile; fileRef = 9936F9CE24E8A4CC00306DE2 /* MapViewCameraListener.swift */; };
		9936F9D124E8B17F00306DE2 /* Geocoder.swift in Sources */ = {isa = PBXBuildFile; fileRef = 9936F9D024E8B17F00306DE2 /* Geocoder.swift */; };
		997887A624E5B37700EBD2B3 /* AppDelegate.swift in Sources */ = {isa = PBXBuildFile; fileRef = 997887A524E5B37700EBD2B3 /* AppDelegate.swift */; };
		997887A824E5B37700EBD2B3 /* SceneDelegate.swift in Sources */ = {isa = PBXBuildFile; fileRef = 997887A724E5B37700EBD2B3 /* SceneDelegate.swift */; };
		997887AA24E5B37700EBD2B3 /* MapViewController.swift in Sources */ = {isa = PBXBuildFile; fileRef = 997887A924E5B37700EBD2B3 /* MapViewController.swift */; };
		997887AF24E5B37A00EBD2B3 /* Assets.xcassets in Resources */ = {isa = PBXBuildFile; fileRef = 997887AE24E5B37A00EBD2B3 /* Assets.xcassets */; };
		997887B224E5B37A00EBD2B3 /* LaunchScreen.storyboard in Resources */ = {isa = PBXBuildFile; fileRef = 997887B024E5B37A00EBD2B3 /* LaunchScreen.storyboard */; };
/* End PBXBuildFile section */

/* Begin PBXFileReference section */
		020B97BCDFE34FA56A1E4EFC /* Pods-Accommodation.debug.xcconfig */ = {isa = PBXFileReference; includeInIndex = 1; lastKnownFileType = text.xcconfig; name = "Pods-Accommodation.debug.xcconfig"; path = "Target Support Files/Pods-Accommodation/Pods-Accommodation.debug.xcconfig"; sourceTree = "<group>"; };
		9936F9CA24E72FD300306DE2 /* MapView.swift */ = {isa = PBXFileReference; lastKnownFileType = sourcecode.swift; path = MapView.swift; sourceTree = "<group>"; };
		9936F9CC24E8378200306DE2 /* YandexGeoResponse.swift */ = {isa = PBXFileReference; lastKnownFileType = sourcecode.swift; path = YandexGeoResponse.swift; sourceTree = "<group>"; };
		9936F9CE24E8A4CC00306DE2 /* MapViewCameraListener.swift */ = {isa = PBXFileReference; lastKnownFileType = sourcecode.swift; path = MapViewCameraListener.swift; sourceTree = "<group>"; };
		9936F9D024E8B17F00306DE2 /* Geocoder.swift */ = {isa = PBXFileReference; lastKnownFileType = sourcecode.swift; path = Geocoder.swift; sourceTree = "<group>"; };
		997887A224E5B37700EBD2B3 /* Accommodation.app */ = {isa = PBXFileReference; explicitFileType = wrapper.application; includeInIndex = 0; path = Accommodation.app; sourceTree = BUILT_PRODUCTS_DIR; };
		997887A524E5B37700EBD2B3 /* AppDelegate.swift */ = {isa = PBXFileReference; lastKnownFileType = sourcecode.swift; path = AppDelegate.swift; sourceTree = "<group>"; };
		997887A724E5B37700EBD2B3 /* SceneDelegate.swift */ = {isa = PBXFileReference; lastKnownFileType = sourcecode.swift; path = SceneDelegate.swift; sourceTree = "<group>"; };
		997887A924E5B37700EBD2B3 /* MapViewController.swift */ = {isa = PBXFileReference; lastKnownFileType = sourcecode.swift; path = MapViewController.swift; sourceTree = "<group>"; };
		997887AE24E5B37A00EBD2B3 /* Assets.xcassets */ = {isa = PBXFileReference; lastKnownFileType = folder.assetcatalog; path = Assets.xcassets; sourceTree = "<group>"; };
		997887B124E5B37A00EBD2B3 /* Base */ = {isa = PBXFileReference; lastKnownFileType = file.storyboard; name = Base; path = Base.lproj/LaunchScreen.storyboard; sourceTree = "<group>"; };
		997887B324E5B37A00EBD2B3 /* Info.plist */ = {isa = PBXFileReference; lastKnownFileType = text.plist.xml; path = Info.plist; sourceTree = "<group>"; };
		A0C494E3070F59D09C0F786D /* Pods-Accommodation.release.xcconfig */ = {isa = PBXFileReference; includeInIndex = 1; lastKnownFileType = text.xcconfig; name = "Pods-Accommodation.release.xcconfig"; path = "Target Support Files/Pods-Accommodation/Pods-Accommodation.release.xcconfig"; sourceTree = "<group>"; };
		A37EC70892239217CEA39D20 /* Pods_Accommodation.framework */ = {isa = PBXFileReference; explicitFileType = wrapper.framework; includeInIndex = 0; path = Pods_Accommodation.framework; sourceTree = BUILT_PRODUCTS_DIR; };
/* End PBXFileReference section */

/* Begin PBXFrameworksBuildPhase section */
		9978879F24E5B37700EBD2B3 /* Frameworks */ = {
			isa = PBXFrameworksBuildPhase;
			buildActionMask = 2147483647;
			files = (
				58F3DFB753CC32A03A6E28D6 /* Pods_Accommodation.framework in Frameworks */,
			);
			runOnlyForDeploymentPostprocessing = 0;
		};
/* End PBXFrameworksBuildPhase section */

/* Begin PBXGroup section */
		438646F0FC31941CC2810DEA /* Pods */ = {
			isa = PBXGroup;
			children = (
				020B97BCDFE34FA56A1E4EFC /* Pods-Accommodation.debug.xcconfig */,
				A0C494E3070F59D09C0F786D /* Pods-Accommodation.release.xcconfig */,
			);
			path = Pods;
			sourceTree = "<group>";
		};
		9978879924E5B37700EBD2B3 = {
			isa = PBXGroup;
			children = (
				997887A424E5B37700EBD2B3 /* Accommodation */,
				997887A324E5B37700EBD2B3 /* Products */,
				438646F0FC31941CC2810DEA /* Pods */,
				E19DAED7E98E2F1B7838BC3D /* Frameworks */,
			);
			sourceTree = "<group>";
		};
		997887A324E5B37700EBD2B3 /* Products */ = {
			isa = PBXGroup;
			children = (
				997887A224E5B37700EBD2B3 /* Accommodation.app */,
			);
			name = Products;
			sourceTree = "<group>";
		};
		997887A424E5B37700EBD2B3 /* Accommodation */ = {
			isa = PBXGroup;
			children = (
				997887B924E5B56B00EBD2B3 /* Supporting Files */,
				997887BA24E5B60900EBD2B3 /* Helpers */,
				997887BB24E5B61400EBD2B3 /* Entities */,
				997887BC24E5B61F00EBD2B3 /* Services */,
				997887BD24E5B62C00EBD2B3 /* Screens */,
			);
			path = Accommodation;
			sourceTree = "<group>";
		};
		997887B924E5B56B00EBD2B3 /* Supporting Files */ = {
			isa = PBXGroup;
			children = (
				997887A524E5B37700EBD2B3 /* AppDelegate.swift */,
				997887A724E5B37700EBD2B3 /* SceneDelegate.swift */,
				997887AE24E5B37A00EBD2B3 /* Assets.xcassets */,
				997887B024E5B37A00EBD2B3 /* LaunchScreen.storyboard */,
				997887B324E5B37A00EBD2B3 /* Info.plist */,
			);
			path = "Supporting Files";
			sourceTree = "<group>";
		};
		997887BA24E5B60900EBD2B3 /* Helpers */ = {
			isa = PBXGroup;
			children = (
			);
			path = Helpers;
			sourceTree = "<group>";
		};
		997887BB24E5B61400EBD2B3 /* Entities */ = {
			isa = PBXGroup;
			children = (
				9936F9CC24E8378200306DE2 /* YandexGeoResponse.swift */,
			);
			path = Entities;
			sourceTree = "<group>";
		};
		997887BC24E5B61F00EBD2B3 /* Services */ = {
			isa = PBXGroup;
			children = (
				9936F9D024E8B17F00306DE2 /* Geocoder.swift */,
			);
			path = Services;
			sourceTree = "<group>";
		};
		997887BD24E5B62C00EBD2B3 /* Screens */ = {
			isa = PBXGroup;
			children = (
				997887BE24E6EAA800EBD2B3 /* Map */,
			);
			path = Screens;
			sourceTree = "<group>";
		};
		997887BE24E6EAA800EBD2B3 /* Map */ = {
			isa = PBXGroup;
			children = (
				997887A924E5B37700EBD2B3 /* MapViewController.swift */,
				9936F9CA24E72FD300306DE2 /* MapView.swift */,
				9936F9CE24E8A4CC00306DE2 /* MapViewCameraListener.swift */,
			);
			path = Map;
			sourceTree = "<group>";
		};
		E19DAED7E98E2F1B7838BC3D /* Frameworks */ = {
			isa = PBXGroup;
			children = (
				A37EC70892239217CEA39D20 /* Pods_Accommodation.framework */,
			);
			name = Frameworks;
			sourceTree = "<group>";
		};
/* End PBXGroup section */

/* Begin PBXNativeTarget section */
		997887A124E5B37700EBD2B3 /* Accommodation */ = {
			isa = PBXNativeTarget;
			buildConfigurationList = 997887B624E5B37A00EBD2B3 /* Build configuration list for PBXNativeTarget "Accommodation" */;
			buildPhases = (
				E0BB99853939408A3BC6F104 /* [CP] Check Pods Manifest.lock */,
				9978879E24E5B37700EBD2B3 /* Sources */,
				9978879F24E5B37700EBD2B3 /* Frameworks */,
				997887A024E5B37700EBD2B3 /* Resources */,
				FB18B2894CE37B551D6EA4CC /* [CP] Embed Pods Frameworks */,
				4541524BE4E4FF42A19B7595 /* [CP] Copy Pods Resources */,
			);
			buildRules = (
			);
			dependencies = (
			);
			name = Accommodation;
			productName = Accommodation;
			productReference = 997887A224E5B37700EBD2B3 /* Accommodation.app */;
			productType = "com.apple.product-type.application";
		};
/* End PBXNativeTarget section */

/* Begin PBXProject section */
		9978879A24E5B37700EBD2B3 /* Project object */ = {
			isa = PBXProject;
			attributes = {
				LastSwiftUpdateCheck = 1150;
				LastUpgradeCheck = 1150;
				ORGANIZATIONNAME = Commodo;
				TargetAttributes = {
					997887A124E5B37700EBD2B3 = {
						CreatedOnToolsVersion = 11.5;
					};
				};
			};
			buildConfigurationList = 9978879D24E5B37700EBD2B3 /* Build configuration list for PBXProject "Accommodation" */;
			compatibilityVersion = "Xcode 9.3";
			developmentRegion = en;
			hasScannedForEncodings = 0;
			knownRegions = (
				en,
				Base,
			);
			mainGroup = 9978879924E5B37700EBD2B3;
			productRefGroup = 997887A324E5B37700EBD2B3 /* Products */;
			projectDirPath = "";
			projectRoot = "";
			targets = (
				997887A124E5B37700EBD2B3 /* Accommodation */,
			);
		};
/* End PBXProject section */

/* Begin PBXResourcesBuildPhase section */
		997887A024E5B37700EBD2B3 /* Resources */ = {
			isa = PBXResourcesBuildPhase;
			buildActionMask = 2147483647;
			files = (
				997887B224E5B37A00EBD2B3 /* LaunchScreen.storyboard in Resources */,
				997887AF24E5B37A00EBD2B3 /* Assets.xcassets in Resources */,
			);
			runOnlyForDeploymentPostprocessing = 0;
		};
/* End PBXResourcesBuildPhase section */

/* Begin PBXShellScriptBuildPhase section */
		4541524BE4E4FF42A19B7595 /* [CP] Copy Pods Resources */ = {
			isa = PBXShellScriptBuildPhase;
			buildActionMask = 2147483647;
			files = (
			);
			inputFileListPaths = (
				"${PODS_ROOT}/Target Support Files/Pods-Accommodation/Pods-Accommodation-resources-${CONFIGURATION}-input-files.xcfilelist",
			);
			name = "[CP] Copy Pods Resources";
			outputFileListPaths = (
				"${PODS_ROOT}/Target Support Files/Pods-Accommodation/Pods-Accommodation-resources-${CONFIGURATION}-output-files.xcfilelist",
			);
			runOnlyForDeploymentPostprocessing = 0;
			shellPath = /bin/sh;
			shellScript = "\"${PODS_ROOT}/Target Support Files/Pods-Accommodation/Pods-Accommodation-resources.sh\"\n";
			showEnvVarsInLog = 0;
		};
		E0BB99853939408A3BC6F104 /* [CP] Check Pods Manifest.lock */ = {
			isa = PBXShellScriptBuildPhase;
			buildActionMask = 2147483647;
			files = (
			);
			inputFileListPaths = (
			);
			inputPaths = (
				"${PODS_PODFILE_DIR_PATH}/Podfile.lock",
				"${PODS_ROOT}/Manifest.lock",
			);
			name = "[CP] Check Pods Manifest.lock";
			outputFileListPaths = (
			);
			outputPaths = (
				"$(DERIVED_FILE_DIR)/Pods-Accommodation-checkManifestLockResult.txt",
			);
			runOnlyForDeploymentPostprocessing = 0;
			shellPath = /bin/sh;
			shellScript = "diff \"${PODS_PODFILE_DIR_PATH}/Podfile.lock\" \"${PODS_ROOT}/Manifest.lock\" > /dev/null\nif [ $? != 0 ] ; then\n    # print error to STDERR\n    echo \"error: The sandbox is not in sync with the Podfile.lock. Run 'pod install' or update your CocoaPods installation.\" >&2\n    exit 1\nfi\n# This output is used by Xcode 'outputs' to avoid re-running this script phase.\necho \"SUCCESS\" > \"${SCRIPT_OUTPUT_FILE_0}\"\n";
			showEnvVarsInLog = 0;
		};
		FB18B2894CE37B551D6EA4CC /* [CP] Embed Pods Frameworks */ = {
			isa = PBXShellScriptBuildPhase;
			buildActionMask = 2147483647;
			files = (
			);
			inputFileListPaths = (
				"${PODS_ROOT}/Target Support Files/Pods-Accommodation/Pods-Accommodation-frameworks-${CONFIGURATION}-input-files.xcfilelist",
			);
			name = "[CP] Embed Pods Frameworks";
			outputFileListPaths = (
				"${PODS_ROOT}/Target Support Files/Pods-Accommodation/Pods-Accommodation-frameworks-${CONFIGURATION}-output-files.xcfilelist",
			);
			runOnlyForDeploymentPostprocessing = 0;
			shellPath = /bin/sh;
			shellScript = "\"${PODS_ROOT}/Target Support Files/Pods-Accommodation/Pods-Accommodation-frameworks.sh\"\n";
			showEnvVarsInLog = 0;
		};
/* End PBXShellScriptBuildPhase section */

/* Begin PBXSourcesBuildPhase section */
		9978879E24E5B37700EBD2B3 /* Sources */ = {
			isa = PBXSourcesBuildPhase;
			buildActionMask = 2147483647;
			files = (
				9936F9CF24E8A4CC00306DE2 /* MapViewCameraListener.swift in Sources */,
				9936F9D124E8B17F00306DE2 /* Geocoder.swift in Sources */,
				997887AA24E5B37700EBD2B3 /* MapViewController.swift in Sources */,
				9936F9CD24E8378200306DE2 /* YandexGeoResponse.swift in Sources */,
				9936F9CB24E72FD300306DE2 /* MapView.swift in Sources */,
				997887A624E5B37700EBD2B3 /* AppDelegate.swift in Sources */,
				997887A824E5B37700EBD2B3 /* SceneDelegate.swift in Sources */,
			);
			runOnlyForDeploymentPostprocessing = 0;
		};
/* End PBXSourcesBuildPhase section */

/* Begin PBXVariantGroup section */
		997887B024E5B37A00EBD2B3 /* LaunchScreen.storyboard */ = {
			isa = PBXVariantGroup;
			children = (
				997887B124E5B37A00EBD2B3 /* Base */,
			);
			name = LaunchScreen.storyboard;
			sourceTree = "<group>";
		};
/* End PBXVariantGroup section */

/* Begin XCBuildConfiguration section */
		997887B424E5B37A00EBD2B3 /* Debug */ = {
			isa = XCBuildConfiguration;
			buildSettings = {
				ALWAYS_SEARCH_USER_PATHS = NO;
				CLANG_ANALYZER_NONNULL = YES;
				CLANG_ANALYZER_NUMBER_OBJECT_CONVERSION = YES_AGGRESSIVE;
				CLANG_CXX_LANGUAGE_STANDARD = "gnu++14";
				CLANG_CXX_LIBRARY = "libc++";
				CLANG_ENABLE_MODULES = YES;
				CLANG_ENABLE_OBJC_ARC = YES;
				CLANG_ENABLE_OBJC_WEAK = YES;
				CLANG_WARN_BLOCK_CAPTURE_AUTORELEASING = YES;
				CLANG_WARN_BOOL_CONVERSION = YES;
				CLANG_WARN_COMMA = YES;
				CLANG_WARN_CONSTANT_CONVERSION = YES;
				CLANG_WARN_DEPRECATED_OBJC_IMPLEMENTATIONS = YES;
				CLANG_WARN_DIRECT_OBJC_ISA_USAGE = YES_ERROR;
				CLANG_WARN_DOCUMENTATION_COMMENTS = YES;
				CLANG_WARN_EMPTY_BODY = YES;
				CLANG_WARN_ENUM_CONVERSION = YES;
				CLANG_WARN_INFINITE_RECURSION = YES;
				CLANG_WARN_INT_CONVERSION = YES;
				CLANG_WARN_NON_LITERAL_NULL_CONVERSION = YES;
				CLANG_WARN_OBJC_IMPLICIT_RETAIN_SELF = YES;
				CLANG_WARN_OBJC_LITERAL_CONVERSION = YES;
				CLANG_WARN_OBJC_ROOT_CLASS = YES_ERROR;
				CLANG_WARN_RANGE_LOOP_ANALYSIS = YES;
				CLANG_WARN_STRICT_PROTOTYPES = YES;
				CLANG_WARN_SUSPICIOUS_MOVE = YES;
				CLANG_WARN_UNGUARDED_AVAILABILITY = YES_AGGRESSIVE;
				CLANG_WARN_UNREACHABLE_CODE = YES;
				CLANG_WARN__DUPLICATE_METHOD_MATCH = YES;
				COPY_PHASE_STRIP = NO;
				DEBUG_INFORMATION_FORMAT = dwarf;
				ENABLE_STRICT_OBJC_MSGSEND = YES;
				ENABLE_TESTABILITY = YES;
				GCC_C_LANGUAGE_STANDARD = gnu11;
				GCC_DYNAMIC_NO_PIC = NO;
				GCC_NO_COMMON_BLOCKS = YES;
				GCC_OPTIMIZATION_LEVEL = 0;
				GCC_PREPROCESSOR_DEFINITIONS = (
					"DEBUG=1",
					"$(inherited)",
				);
				GCC_WARN_64_TO_32_BIT_CONVERSION = YES;
				GCC_WARN_ABOUT_RETURN_TYPE = YES_ERROR;
				GCC_WARN_UNDECLARED_SELECTOR = YES;
				GCC_WARN_UNINITIALIZED_AUTOS = YES_AGGRESSIVE;
				GCC_WARN_UNUSED_FUNCTION = YES;
				GCC_WARN_UNUSED_VARIABLE = YES;
				IPHONEOS_DEPLOYMENT_TARGET = 13.5;
				MTL_ENABLE_DEBUG_INFO = INCLUDE_SOURCE;
				MTL_FAST_MATH = YES;
				ONLY_ACTIVE_ARCH = YES;
				SDKROOT = iphoneos;
				SWIFT_ACTIVE_COMPILATION_CONDITIONS = DEBUG;
				SWIFT_OPTIMIZATION_LEVEL = "-Onone";
			};
			name = Debug;
		};
		997887B524E5B37A00EBD2B3 /* Release */ = {
			isa = XCBuildConfiguration;
			buildSettings = {
				ALWAYS_SEARCH_USER_PATHS = NO;
				CLANG_ANALYZER_NONNULL = YES;
				CLANG_ANALYZER_NUMBER_OBJECT_CONVERSION = YES_AGGRESSIVE;
				CLANG_CXX_LANGUAGE_STANDARD = "gnu++14";
				CLANG_CXX_LIBRARY = "libc++";
				CLANG_ENABLE_MODULES = YES;
				CLANG_ENABLE_OBJC_ARC = YES;
				CLANG_ENABLE_OBJC_WEAK = YES;
				CLANG_WARN_BLOCK_CAPTURE_AUTORELEASING = YES;
				CLANG_WARN_BOOL_CONVERSION = YES;
				CLANG_WARN_COMMA = YES;
				CLANG_WARN_CONSTANT_CONVERSION = YES;
				CLANG_WARN_DEPRECATED_OBJC_IMPLEMENTATIONS = YES;
				CLANG_WARN_DIRECT_OBJC_ISA_USAGE = YES_ERROR;
				CLANG_WARN_DOCUMENTATION_COMMENTS = YES;
				CLANG_WARN_EMPTY_BODY = YES;
				CLANG_WARN_ENUM_CONVERSION = YES;
				CLANG_WARN_INFINITE_RECURSION = YES;
				CLANG_WARN_INT_CONVERSION = YES;
				CLANG_WARN_NON_LITERAL_NULL_CONVERSION = YES;
				CLANG_WARN_OBJC_IMPLICIT_RETAIN_SELF = YES;
				CLANG_WARN_OBJC_LITERAL_CONVERSION = YES;
				CLANG_WARN_OBJC_ROOT_CLASS = YES_ERROR;
				CLANG_WARN_RANGE_LOOP_ANALYSIS = YES;
				CLANG_WARN_STRICT_PROTOTYPES = YES;
				CLANG_WARN_SUSPICIOUS_MOVE = YES;
				CLANG_WARN_UNGUARDED_AVAILABILITY = YES_AGGRESSIVE;
				CLANG_WARN_UNREACHABLE_CODE = YES;
				CLANG_WARN__DUPLICATE_METHOD_MATCH = YES;
				COPY_PHASE_STRIP = NO;
				DEBUG_INFORMATION_FORMAT = "dwarf-with-dsym";
				ENABLE_NS_ASSERTIONS = NO;
				ENABLE_STRICT_OBJC_MSGSEND = YES;
				GCC_C_LANGUAGE_STANDARD = gnu11;
				GCC_NO_COMMON_BLOCKS = YES;
				GCC_WARN_64_TO_32_BIT_CONVERSION = YES;
				GCC_WARN_ABOUT_RETURN_TYPE = YES_ERROR;
				GCC_WARN_UNDECLARED_SELECTOR = YES;
				GCC_WARN_UNINITIALIZED_AUTOS = YES_AGGRESSIVE;
				GCC_WARN_UNUSED_FUNCTION = YES;
				GCC_WARN_UNUSED_VARIABLE = YES;
				IPHONEOS_DEPLOYMENT_TARGET = 13.5;
				MTL_ENABLE_DEBUG_INFO = NO;
				MTL_FAST_MATH = YES;
				SDKROOT = iphoneos;
				SWIFT_COMPILATION_MODE = wholemodule;
				SWIFT_OPTIMIZATION_LEVEL = "-O";
				VALIDATE_PRODUCT = YES;
			};
			name = Release;
		};
		997887B724E5B37A00EBD2B3 /* Debug */ = {
			isa = XCBuildConfiguration;
			baseConfigurationReference = 020B97BCDFE34FA56A1E4EFC /* Pods-Accommodation.debug.xcconfig */;
			buildSettings = {
				ASSETCATALOG_COMPILER_APPICON_NAME = AppIcon;
				CODE_SIGN_STYLE = Automatic;
				DEVELOPMENT_TEAM = 989TVX6JAA;
				INFOPLIST_FILE = "Accommodation/Supporting Files/Info.plist";
				LD_RUNPATH_SEARCH_PATHS = (
					"$(inherited)",
					"@executable_path/Frameworks",
				);
				PRODUCT_BUNDLE_IDENTIFIER = com.commodo.Accommodation;
				PRODUCT_NAME = "$(TARGET_NAME)";
				SWIFT_VERSION = 5.0;
				TARGETED_DEVICE_FAMILY = 1;
			};
			name = Debug;
		};
		997887B824E5B37A00EBD2B3 /* Release */ = {
			isa = XCBuildConfiguration;
			baseConfigurationReference = A0C494E3070F59D09C0F786D /* Pods-Accommodation.release.xcconfig */;
			buildSettings = {
				ASSETCATALOG_COMPILER_APPICON_NAME = AppIcon;
				CODE_SIGN_STYLE = Automatic;
				DEVELOPMENT_TEAM = 989TVX6JAA;
				INFOPLIST_FILE = "Accommodation/Supporting Files/Info.plist";
				LD_RUNPATH_SEARCH_PATHS = (
					"$(inherited)",
					"@executable_path/Frameworks",
				);
				PRODUCT_BUNDLE_IDENTIFIER = com.commodo.Accommodation;
				PRODUCT_NAME = "$(TARGET_NAME)";
				SWIFT_VERSION = 5.0;
				TARGETED_DEVICE_FAMILY = 1;
			};
			name = Release;
		};
/* End XCBuildConfiguration section */

/* Begin XCConfigurationList section */
		9978879D24E5B37700EBD2B3 /* Build configuration list for PBXProject "Accommodation" */ = {
			isa = XCConfigurationList;
			buildConfigurations = (
				997887B424E5B37A00EBD2B3 /* Debug */,
				997887B524E5B37A00EBD2B3 /* Release */,
			);
			defaultConfigurationIsVisible = 0;
			defaultConfigurationName = Release;
		};
		997887B624E5B37A00EBD2B3 /* Build configuration list for PBXNativeTarget "Accommodation" */ = {
			isa = XCConfigurationList;
			buildConfigurations = (
				997887B724E5B37A00EBD2B3 /* Debug */,
				997887B824E5B37A00EBD2B3 /* Release */,
			);
			defaultConfigurationIsVisible = 0;
			defaultConfigurationName = Release;
		};
/* End XCConfigurationList section */
	};
	rootObject = 9978879A24E5B37700EBD2B3 /* Project object */;
}
